// !$*UTF8*$!
{
	archiveVersion = 1;
	classes = {
	};
	objectVersion = 55;
	objects = {

/* Begin PBXBuildFile section */
		A009C6352819915400B47A93 /* HongkiApp.swift in Sources */ = {isa = PBXBuildFile; fileRef = A009C6342819915400B47A93 /* HongkiApp.swift */; };
		A009C6392819915600B47A93 /* Assets.xcassets in Resources */ = {isa = PBXBuildFile; fileRef = A009C6382819915600B47A93 /* Assets.xcassets */; };
		A009C63C2819915600B47A93 /* Preview Assets.xcassets in Resources */ = {isa = PBXBuildFile; fileRef = A009C63B2819915600B47A93 /* Preview Assets.xcassets */; };
		A01E725F281B962800561268 /* TitleText.swift in Sources */ = {isa = PBXBuildFile; fileRef = A01E725E281B962800561268 /* TitleText.swift */; };
		A01E7261281B9FE500561268 /* RowView.swift in Sources */ = {isa = PBXBuildFile; fileRef = A01E7260281B9FE500561268 /* RowView.swift */; };
		A01E7263281BA54C00561268 /* GitListManager.swift in Sources */ = {isa = PBXBuildFile; fileRef = A01E7262281BA54C00561268 /* GitListManager.swift */; };
		A01E7265281BB7D700561268 /* SwiftListManager.swift in Sources */ = {isa = PBXBuildFile; fileRef = A01E7264281BB7D700561268 /* SwiftListManager.swift */; };
		A01E7267281BB7E900561268 /* SwiftUIListManager.swift in Sources */ = {isa = PBXBuildFile; fileRef = A01E7266281BB7E900561268 /* SwiftUIListManager.swift */; };
		A0248F40281EBEFD00AC6809 /* HongkiInfo.swift in Sources */ = {isa = PBXBuildFile; fileRef = A0248F3F281EBEFD00AC6809 /* HongkiInfo.swift */; };
		A0248F43281ED1C400AC6809 /* HongkiInfoViewModel.swift in Sources */ = {isa = PBXBuildFile; fileRef = A0248F42281ED1C400AC6809 /* HongkiInfoViewModel.swift */; };
		A04A7ED52822E0E300D3C1C5 /* TestVIew.swift in Sources */ = {isa = PBXBuildFile; fileRef = A04A7ED42822E0E300D3C1C5 /* TestVIew.swift */; };
		A04A7ED72822F02F00D3C1C5 /* LoadWebView.swift in Sources */ = {isa = PBXBuildFile; fileRef = A04A7ED62822F02F00D3C1C5 /* LoadWebView.swift */; };
		A08FD87B2821888A00B3E349 /* PickerView.swift in Sources */ = {isa = PBXBuildFile; fileRef = A08FD87A2821888A00B3E349 /* PickerView.swift */; };
		A08FD87D2821901A00B3E349 /* DatePickerView.swift in Sources */ = {isa = PBXBuildFile; fileRef = A08FD87C2821901A00B3E349 /* DatePickerView.swift */; };
		A08FD87F2821903500B3E349 /* ColorPickerView.swift in Sources */ = {isa = PBXBuildFile; fileRef = A08FD87E2821903500B3E349 /* ColorPickerView.swift */; };
		A08FD8812821905E00B3E349 /* ButtonView.swift in Sources */ = {isa = PBXBuildFile; fileRef = A08FD8802821905E00B3E349 /* ButtonView.swift */; };
		A08FD8832821907200B3E349 /* SliderView.swift in Sources */ = {isa = PBXBuildFile; fileRef = A08FD8822821907200B3E349 /* SliderView.swift */; };
		A08FD8852821907C00B3E349 /* StepperView.swift in Sources */ = {isa = PBXBuildFile; fileRef = A08FD8842821907C00B3E349 /* StepperView.swift */; };
		A08FD8872821908B00B3E349 /* NavigationLinkView.swift in Sources */ = {isa = PBXBuildFile; fileRef = A08FD8862821908B00B3E349 /* NavigationLinkView.swift */; };
		A08FD8892821909800B3E349 /* LinkView.swift in Sources */ = {isa = PBXBuildFile; fileRef = A08FD8882821909800B3E349 /* LinkView.swift */; };
		A0B3439A281FE40700CB1E13 /* WebSheetView.swift in Sources */ = {isa = PBXBuildFile; fileRef = A0B34399281FE40700CB1E13 /* WebSheetView.swift */; };
		A0B3439E281FFC5500CB1E13 /* SwiftUIDetailView.swift in Sources */ = {isa = PBXBuildFile; fileRef = A0B3439D281FFC5500CB1E13 /* SwiftUIDetailView.swift */; };
		A0BA902E281C18EB00EB67CC /* HongkiEditView.swift in Sources */ = {isa = PBXBuildFile; fileRef = A0BA902D281C18EB00EB67CC /* HongkiEditView.swift */; };
		A0CBFD7C281A54430072C7B7 /* HomeView.swift in Sources */ = {isa = PBXBuildFile; fileRef = A0CBFD7B281A54430072C7B7 /* HomeView.swift */; };
		A0CBFD7E281A54630072C7B7 /* SwiftUIListView.swift in Sources */ = {isa = PBXBuildFile; fileRef = A0CBFD7D281A54630072C7B7 /* SwiftUIListView.swift */; };
		A0CBFD80281A548D0072C7B7 /* SwiftListView.swift in Sources */ = {isa = PBXBuildFile; fileRef = A0CBFD7F281A548D0072C7B7 /* SwiftListView.swift */; };
		A0CBFD82281A54B20072C7B7 /* GitListView.swift in Sources */ = {isa = PBXBuildFile; fileRef = A0CBFD81281A54B20072C7B7 /* GitListView.swift */; };
		A0CBFD84281A55140072C7B7 /* TabManager.swift in Sources */ = {isa = PBXBuildFile; fileRef = A0CBFD83281A55140072C7B7 /* TabManager.swift */; };
		A0CBFD86281A58770072C7B7 /* HongkiView.swift in Sources */ = {isa = PBXBuildFile; fileRef = A0CBFD85281A58770072C7B7 /* HongkiView.swift */; };
		A0CBFD88281A5B1A0072C7B7 /* BaseTabView.swift in Sources */ = {isa = PBXBuildFile; fileRef = A0CBFD87281A5B1A0072C7B7 /* BaseTabView.swift */; };
		A0E57AA42820F3A400A5363E /* GitDetailView.swift in Sources */ = {isa = PBXBuildFile; fileRef = A0E57AA32820F3A400A5363E /* GitDetailView.swift */; };
/* End PBXBuildFile section */

/* Begin PBXFileReference section */
		A009C6312819915400B47A93 /* Hongki.app */ = {isa = PBXFileReference; explicitFileType = wrapper.application; includeInIndex = 0; path = Hongki.app; sourceTree = BUILT_PRODUCTS_DIR; };
		A009C6342819915400B47A93 /* HongkiApp.swift */ = {isa = PBXFileReference; lastKnownFileType = sourcecode.swift; path = HongkiApp.swift; sourceTree = "<group>"; };
		A009C6382819915600B47A93 /* Assets.xcassets */ = {isa = PBXFileReference; lastKnownFileType = folder.assetcatalog; path = Assets.xcassets; sourceTree = "<group>"; };
		A009C63B2819915600B47A93 /* Preview Assets.xcassets */ = {isa = PBXFileReference; lastKnownFileType = folder.assetcatalog; path = "Preview Assets.xcassets"; sourceTree = "<group>"; };
		A01E725E281B962800561268 /* TitleText.swift */ = {isa = PBXFileReference; lastKnownFileType = sourcecode.swift; path = TitleText.swift; sourceTree = "<group>"; };
		A01E7260281B9FE500561268 /* RowView.swift */ = {isa = PBXFileReference; lastKnownFileType = sourcecode.swift; path = RowView.swift; sourceTree = "<group>"; };
		A01E7262281BA54C00561268 /* GitListManager.swift */ = {isa = PBXFileReference; lastKnownFileType = sourcecode.swift; path = GitListManager.swift; sourceTree = "<group>"; };
		A01E7264281BB7D700561268 /* SwiftListManager.swift */ = {isa = PBXFileReference; lastKnownFileType = sourcecode.swift; path = SwiftListManager.swift; sourceTree = "<group>"; };
		A01E7266281BB7E900561268 /* SwiftUIListManager.swift */ = {isa = PBXFileReference; lastKnownFileType = sourcecode.swift; path = SwiftUIListManager.swift; sourceTree = "<group>"; };
		A0248F3F281EBEFD00AC6809 /* HongkiInfo.swift */ = {isa = PBXFileReference; lastKnownFileType = sourcecode.swift; path = HongkiInfo.swift; sourceTree = "<group>"; };
		A0248F42281ED1C400AC6809 /* HongkiInfoViewModel.swift */ = {isa = PBXFileReference; lastKnownFileType = sourcecode.swift; path = HongkiInfoViewModel.swift; sourceTree = "<group>"; };
		A04A7ED42822E0E300D3C1C5 /* TestVIew.swift */ = {isa = PBXFileReference; lastKnownFileType = sourcecode.swift; path = TestVIew.swift; sourceTree = "<group>"; };
		A04A7ED62822F02F00D3C1C5 /* LoadWebView.swift */ = {isa = PBXFileReference; lastKnownFileType = sourcecode.swift; path = LoadWebView.swift; sourceTree = "<group>"; };
		A08FD87A2821888A00B3E349 /* PickerView.swift */ = {isa = PBXFileReference; lastKnownFileType = sourcecode.swift; path = PickerView.swift; sourceTree = "<group>"; };
		A08FD87C2821901A00B3E349 /* DatePickerView.swift */ = {isa = PBXFileReference; lastKnownFileType = sourcecode.swift; path = DatePickerView.swift; sourceTree = "<group>"; };
		A08FD87E2821903500B3E349 /* ColorPickerView.swift */ = {isa = PBXFileReference; lastKnownFileType = sourcecode.swift; path = ColorPickerView.swift; sourceTree = "<group>"; };
		A08FD8802821905E00B3E349 /* ButtonView.swift */ = {isa = PBXFileReference; lastKnownFileType = sourcecode.swift; path = ButtonView.swift; sourceTree = "<group>"; };
		A08FD8822821907200B3E349 /* SliderView.swift */ = {isa = PBXFileReference; lastKnownFileType = sourcecode.swift; path = SliderView.swift; sourceTree = "<group>"; };
		A08FD8842821907C00B3E349 /* StepperView.swift */ = {isa = PBXFileReference; lastKnownFileType = sourcecode.swift; path = StepperView.swift; sourceTree = "<group>"; };
		A08FD8862821908B00B3E349 /* NavigationLinkView.swift */ = {isa = PBXFileReference; lastKnownFileType = sourcecode.swift; path = NavigationLinkView.swift; sourceTree = "<group>"; };
		A08FD8882821909800B3E349 /* LinkView.swift */ = {isa = PBXFileReference; lastKnownFileType = sourcecode.swift; path = LinkView.swift; sourceTree = "<group>"; };
		A0B34399281FE40700CB1E13 /* WebSheetView.swift */ = {isa = PBXFileReference; lastKnownFileType = sourcecode.swift; path = WebSheetView.swift; sourceTree = "<group>"; };
		A0B3439D281FFC5500CB1E13 /* SwiftUIDetailView.swift */ = {isa = PBXFileReference; lastKnownFileType = sourcecode.swift; path = SwiftUIDetailView.swift; sourceTree = "<group>"; };
		A0BA902D281C18EB00EB67CC /* HongkiEditView.swift */ = {isa = PBXFileReference; lastKnownFileType = sourcecode.swift; path = HongkiEditView.swift; sourceTree = "<group>"; };
		A0CBFD7B281A54430072C7B7 /* HomeView.swift */ = {isa = PBXFileReference; lastKnownFileType = sourcecode.swift; path = HomeView.swift; sourceTree = "<group>"; };
		A0CBFD7D281A54630072C7B7 /* SwiftUIListView.swift */ = {isa = PBXFileReference; lastKnownFileType = sourcecode.swift; path = SwiftUIListView.swift; sourceTree = "<group>"; };
		A0CBFD7F281A548D0072C7B7 /* SwiftListView.swift */ = {isa = PBXFileReference; lastKnownFileType = sourcecode.swift; path = SwiftListView.swift; sourceTree = "<group>"; };
		A0CBFD81281A54B20072C7B7 /* GitListView.swift */ = {isa = PBXFileReference; lastKnownFileType = sourcecode.swift; path = GitListView.swift; sourceTree = "<group>"; };
		A0CBFD83281A55140072C7B7 /* TabManager.swift */ = {isa = PBXFileReference; lastKnownFileType = sourcecode.swift; path = TabManager.swift; sourceTree = "<group>"; };
		A0CBFD85281A58770072C7B7 /* HongkiView.swift */ = {isa = PBXFileReference; lastKnownFileType = sourcecode.swift; path = HongkiView.swift; sourceTree = "<group>"; };
		A0CBFD87281A5B1A0072C7B7 /* BaseTabView.swift */ = {isa = PBXFileReference; lastKnownFileType = sourcecode.swift; path = BaseTabView.swift; sourceTree = "<group>"; };
		A0E57AA32820F3A400A5363E /* GitDetailView.swift */ = {isa = PBXFileReference; lastKnownFileType = sourcecode.swift; path = GitDetailView.swift; sourceTree = "<group>"; };
/* End PBXFileReference section */

/* Begin PBXFrameworksBuildPhase section */
		A009C62E2819915400B47A93 /* Frameworks */ = {
			isa = PBXFrameworksBuildPhase;
			buildActionMask = 2147483647;
			files = (
			);
			runOnlyForDeploymentPostprocessing = 0;
		};
/* End PBXFrameworksBuildPhase section */

/* Begin PBXGroup section */
		A009C6282819915400B47A93 = {
			isa = PBXGroup;
			children = (
				A009C6332819915400B47A93 /* Hongki */,
				A009C6322819915400B47A93 /* Products */,
			);
			sourceTree = "<group>";
		};
		A009C6322819915400B47A93 /* Products */ = {
			isa = PBXGroup;
			children = (
				A009C6312819915400B47A93 /* Hongki.app */,
			);
			name = Products;
			sourceTree = "<group>";
		};
		A009C6332819915400B47A93 /* Hongki */ = {
			isa = PBXGroup;
			children = (
				A0248F41281EC66400AC6809 /* ViewModel */,
				A0B4CB2E281D073D0091B5AC /* Model */,
				A0CBFD7A281A53F90072C7B7 /* View */,
				A009C6342819915400B47A93 /* HongkiApp.swift */,
				A009C6382819915600B47A93 /* Assets.xcassets */,
				A009C63A2819915600B47A93 /* Preview Content */,
			);
			path = Hongki;
			sourceTree = "<group>";
		};
		A009C63A2819915600B47A93 /* Preview Content */ = {
			isa = PBXGroup;
			children = (
				A009C63B2819915600B47A93 /* Preview Assets.xcassets */,
			);
			path = "Preview Content";
			sourceTree = "<group>";
		};
		A0248F41281EC66400AC6809 /* ViewModel */ = {
			isa = PBXGroup;
			children = (
				A0248F42281ED1C400AC6809 /* HongkiInfoViewModel.swift */,
			);
			path = ViewModel;
			sourceTree = "<group>";
		};
		A0B3439C281FF10400CB1E13 /* SwiftUIDetailView */ = {
			isa = PBXGroup;
			children = (
				A0B34399281FE40700CB1E13 /* WebSheetView.swift */,
				A0B3439D281FFC5500CB1E13 /* SwiftUIDetailView.swift */,
				A08FD87A2821888A00B3E349 /* PickerView.swift */,
				A08FD87C2821901A00B3E349 /* DatePickerView.swift */,
				A08FD87E2821903500B3E349 /* ColorPickerView.swift */,
				A08FD8802821905E00B3E349 /* ButtonView.swift */,
				A08FD8822821907200B3E349 /* SliderView.swift */,
				A08FD8842821907C00B3E349 /* StepperView.swift */,
				A08FD8862821908B00B3E349 /* NavigationLinkView.swift */,
				A08FD8882821909800B3E349 /* LinkView.swift */,
			);
			path = SwiftUIDetailView;
			sourceTree = "<group>";
		};
		A0B4CB2E281D073D0091B5AC /* Model */ = {
			isa = PBXGroup;
			children = (
				A0CBFD83281A55140072C7B7 /* TabManager.swift */,
				A01E7262281BA54C00561268 /* GitListManager.swift */,
				A01E7264281BB7D700561268 /* SwiftListManager.swift */,
				A01E7266281BB7E900561268 /* SwiftUIListManager.swift */,
				A0248F3F281EBEFD00AC6809 /* HongkiInfo.swift */,
			);
			path = Model;
			sourceTree = "<group>";
		};
		A0CBFD7A281A53F90072C7B7 /* View */ = {
			isa = PBXGroup;
			children = (
				A0CBFD7B281A54430072C7B7 /* HomeView.swift */,
				A0CBFD7F281A548D0072C7B7 /* SwiftListView.swift */,
				A0CBFD7D281A54630072C7B7 /* SwiftUIListView.swift */,
				A0B3439C281FF10400CB1E13 /* SwiftUIDetailView */,
				A0CBFD81281A54B20072C7B7 /* GitListView.swift */,
				A0E57AA32820F3A400A5363E /* GitDetailView.swift */,
				A0CBFD85281A58770072C7B7 /* HongkiView.swift */,
				A0BA902D281C18EB00EB67CC /* HongkiEditView.swift */,
				A0CBFD87281A5B1A0072C7B7 /* BaseTabView.swift */,
				A01E725E281B962800561268 /* TitleText.swift */,
				A01E7260281B9FE500561268 /* RowView.swift */,
				A04A7ED42822E0E300D3C1C5 /* TestVIew.swift */,
				A04A7ED62822F02F00D3C1C5 /* LoadWebView.swift */,
			);
			path = View;
			sourceTree = "<group>";
		};
/* End PBXGroup section */

/* Begin PBXNativeTarget section */
		A009C6302819915400B47A93 /* Hongki */ = {
			isa = PBXNativeTarget;
			buildConfigurationList = A009C63F2819915600B47A93 /* Build configuration list for PBXNativeTarget "Hongki" */;
			buildPhases = (
				A009C62D2819915400B47A93 /* Sources */,
				A009C62E2819915400B47A93 /* Frameworks */,
				A009C62F2819915400B47A93 /* Resources */,
			);
			buildRules = (
			);
			dependencies = (
			);
			name = Hongki;
			productName = Hongki;
			productReference = A009C6312819915400B47A93 /* Hongki.app */;
			productType = "com.apple.product-type.application";
		};
/* End PBXNativeTarget section */

/* Begin PBXProject section */
		A009C6292819915400B47A93 /* Project object */ = {
			isa = PBXProject;
			attributes = {
				BuildIndependentTargetsInParallel = 1;
				LastSwiftUpdateCheck = 1330;
				LastUpgradeCheck = 1330;
				TargetAttributes = {
					A009C6302819915400B47A93 = {
						CreatedOnToolsVersion = 13.3;
					};
				};
			};
			buildConfigurationList = A009C62C2819915400B47A93 /* Build configuration list for PBXProject "Hongki" */;
			compatibilityVersion = "Xcode 13.0";
			developmentRegion = en;
			hasScannedForEncodings = 0;
			knownRegions = (
				en,
				Base,
			);
			mainGroup = A009C6282819915400B47A93;
			productRefGroup = A009C6322819915400B47A93 /* Products */;
			projectDirPath = "";
			projectRoot = "";
			targets = (
				A009C6302819915400B47A93 /* Hongki */,
			);
		};
/* End PBXProject section */

/* Begin PBXResourcesBuildPhase section */
		A009C62F2819915400B47A93 /* Resources */ = {
			isa = PBXResourcesBuildPhase;
			buildActionMask = 2147483647;
			files = (
				A009C63C2819915600B47A93 /* Preview Assets.xcassets in Resources */,
				A009C6392819915600B47A93 /* Assets.xcassets in Resources */,
			);
			runOnlyForDeploymentPostprocessing = 0;
		};
/* End PBXResourcesBuildPhase section */

/* Begin PBXSourcesBuildPhase section */
		A009C62D2819915400B47A93 /* Sources */ = {
			isa = PBXSourcesBuildPhase;
			buildActionMask = 2147483647;
			files = (
				A0BA902E281C18EB00EB67CC /* HongkiEditView.swift in Sources */,
				A0CBFD7C281A54430072C7B7 /* HomeView.swift in Sources */,
				A01E7261281B9FE500561268 /* RowView.swift in Sources */,
				A01E725F281B962800561268 /* TitleText.swift in Sources */,
				A0E57AA42820F3A400A5363E /* GitDetailView.swift in Sources */,
				A0CBFD7E281A54630072C7B7 /* SwiftUIListView.swift in Sources */,
				A08FD8812821905E00B3E349 /* ButtonView.swift in Sources */,
				A0248F40281EBEFD00AC6809 /* HongkiInfo.swift in Sources */,
				A04A7ED52822E0E300D3C1C5 /* TestVIew.swift in Sources */,
				A0B3439E281FFC5500CB1E13 /* SwiftUIDetailView.swift in Sources */,
				A08FD8832821907200B3E349 /* SliderView.swift in Sources */,
				A08FD87B2821888A00B3E349 /* PickerView.swift in Sources */,
				A08FD8852821907C00B3E349 /* StepperView.swift in Sources */,
				A01E7267281BB7E900561268 /* SwiftUIListManager.swift in Sources */,
				A0CBFD84281A55140072C7B7 /* TabManager.swift in Sources */,
				A01E7265281BB7D700561268 /* SwiftListManager.swift in Sources */,
				A01E7263281BA54C00561268 /* GitListManager.swift in Sources */,
				A08FD8892821909800B3E349 /* LinkView.swift in Sources */,
				A04A7ED72822F02F00D3C1C5 /* LoadWebView.swift in Sources */,
				A0CBFD82281A54B20072C7B7 /* GitListView.swift in Sources */,
				A0CBFD88281A5B1A0072C7B7 /* BaseTabView.swift in Sources */,
				A0B3439A281FE40700CB1E13 /* WebSheetView.swift in Sources */,
				A0248F43281ED1C400AC6809 /* HongkiInfoViewModel.swift in Sources */,
				A009C6352819915400B47A93 /* HongkiApp.swift in Sources */,
				A08FD87F2821903500B3E349 /* ColorPickerView.swift in Sources */,
				A08FD8872821908B00B3E349 /* NavigationLinkView.swift in Sources */,
				A08FD87D2821901A00B3E349 /* DatePickerView.swift in Sources */,
				A0CBFD86281A58770072C7B7 /* HongkiView.swift in Sources */,
				A0CBFD80281A548D0072C7B7 /* SwiftListView.swift in Sources */,
			);
			runOnlyForDeploymentPostprocessing = 0;
		};
/* End PBXSourcesBuildPhase section */

/* Begin XCBuildConfiguration section */
		A009C63D2819915600B47A93 /* Debug */ = {
			isa = XCBuildConfiguration;
			buildSettings = {
				ALWAYS_SEARCH_USER_PATHS = NO;
				CLANG_ANALYZER_NONNULL = YES;
				CLANG_ANALYZER_NUMBER_OBJECT_CONVERSION = YES_AGGRESSIVE;
				CLANG_CXX_LANGUAGE_STANDARD = "gnu++17";
				CLANG_ENABLE_MODULES = YES;
				CLANG_ENABLE_OBJC_ARC = YES;
				CLANG_ENABLE_OBJC_WEAK = YES;
				CLANG_WARN_BLOCK_CAPTURE_AUTORELEASING = YES;
				CLANG_WARN_BOOL_CONVERSION = YES;
				CLANG_WARN_COMMA = YES;
				CLANG_WARN_CONSTANT_CONVERSION = YES;
				CLANG_WARN_DEPRECATED_OBJC_IMPLEMENTATIONS = YES;
				CLANG_WARN_DIRECT_OBJC_ISA_USAGE = YES_ERROR;
				CLANG_WARN_DOCUMENTATION_COMMENTS = YES;
				CLANG_WARN_EMPTY_BODY = YES;
				CLANG_WARN_ENUM_CONVERSION = YES;
				CLANG_WARN_INFINITE_RECURSION = YES;
				CLANG_WARN_INT_CONVERSION = YES;
				CLANG_WARN_NON_LITERAL_NULL_CONVERSION = YES;
				CLANG_WARN_OBJC_IMPLICIT_RETAIN_SELF = YES;
				CLANG_WARN_OBJC_LITERAL_CONVERSION = YES;
				CLANG_WARN_OBJC_ROOT_CLASS = YES_ERROR;
				CLANG_WARN_QUOTED_INCLUDE_IN_FRAMEWORK_HEADER = YES;
				CLANG_WARN_RANGE_LOOP_ANALYSIS = YES;
				CLANG_WARN_STRICT_PROTOTYPES = YES;
				CLANG_WARN_SUSPICIOUS_MOVE = YES;
				CLANG_WARN_UNGUARDED_AVAILABILITY = YES_AGGRESSIVE;
				CLANG_WARN_UNREACHABLE_CODE = YES;
				CLANG_WARN__DUPLICATE_METHOD_MATCH = YES;
				COPY_PHASE_STRIP = NO;
				DEBUG_INFORMATION_FORMAT = dwarf;
				ENABLE_STRICT_OBJC_MSGSEND = YES;
				ENABLE_TESTABILITY = YES;
				GCC_C_LANGUAGE_STANDARD = gnu11;
				GCC_DYNAMIC_NO_PIC = NO;
				GCC_NO_COMMON_BLOCKS = YES;
				GCC_OPTIMIZATION_LEVEL = 0;
				GCC_PREPROCESSOR_DEFINITIONS = (
					"DEBUG=1",
					"$(inherited)",
				);
				GCC_WARN_64_TO_32_BIT_CONVERSION = YES;
				GCC_WARN_ABOUT_RETURN_TYPE = YES_ERROR;
				GCC_WARN_UNDECLARED_SELECTOR = YES;
				GCC_WARN_UNINITIALIZED_AUTOS = YES_AGGRESSIVE;
				GCC_WARN_UNUSED_FUNCTION = YES;
				GCC_WARN_UNUSED_VARIABLE = YES;
				IPHONEOS_DEPLOYMENT_TARGET = 15.4;
				MTL_ENABLE_DEBUG_INFO = INCLUDE_SOURCE;
				MTL_FAST_MATH = YES;
				ONLY_ACTIVE_ARCH = YES;
				SDKROOT = iphoneos;
				SWIFT_ACTIVE_COMPILATION_CONDITIONS = DEBUG;
				SWIFT_OPTIMIZATION_LEVEL = "-Onone";
			};
			name = Debug;
		};
		A009C63E2819915600B47A93 /* Release */ = {
			isa = XCBuildConfiguration;
			buildSettings = {
				ALWAYS_SEARCH_USER_PATHS = NO;
				CLANG_ANALYZER_NONNULL = YES;
				CLANG_ANALYZER_NUMBER_OBJECT_CONVERSION = YES_AGGRESSIVE;
				CLANG_CXX_LANGUAGE_STANDARD = "gnu++17";
				CLANG_ENABLE_MODULES = YES;
				CLANG_ENABLE_OBJC_ARC = YES;
				CLANG_ENABLE_OBJC_WEAK = YES;
				CLANG_WARN_BLOCK_CAPTURE_AUTORELEASING = YES;
				CLANG_WARN_BOOL_CONVERSION = YES;
				CLANG_WARN_COMMA = YES;
				CLANG_WARN_CONSTANT_CONVERSION = YES;
				CLANG_WARN_DEPRECATED_OBJC_IMPLEMENTATIONS = YES;
				CLANG_WARN_DIRECT_OBJC_ISA_USAGE = YES_ERROR;
				CLANG_WARN_DOCUMENTATION_COMMENTS = YES;
				CLANG_WARN_EMPTY_BODY = YES;
				CLANG_WARN_ENUM_CONVERSION = YES;
				CLANG_WARN_INFINITE_RECURSION = YES;
				CLANG_WARN_INT_CONVERSION = YES;
				CLANG_WARN_NON_LITERAL_NULL_CONVERSION = YES;
				CLANG_WARN_OBJC_IMPLICIT_RETAIN_SELF = YES;
				CLANG_WARN_OBJC_LITERAL_CONVERSION = YES;
				CLANG_WARN_OBJC_ROOT_CLASS = YES_ERROR;
				CLANG_WARN_QUOTED_INCLUDE_IN_FRAMEWORK_HEADER = YES;
				CLANG_WARN_RANGE_LOOP_ANALYSIS = YES;
				CLANG_WARN_STRICT_PROTOTYPES = YES;
				CLANG_WARN_SUSPICIOUS_MOVE = YES;
				CLANG_WARN_UNGUARDED_AVAILABILITY = YES_AGGRESSIVE;
				CLANG_WARN_UNREACHABLE_CODE = YES;
				CLANG_WARN__DUPLICATE_METHOD_MATCH = YES;
				COPY_PHASE_STRIP = NO;
				DEBUG_INFORMATION_FORMAT = "dwarf-with-dsym";
				ENABLE_NS_ASSERTIONS = NO;
				ENABLE_STRICT_OBJC_MSGSEND = YES;
				GCC_C_LANGUAGE_STANDARD = gnu11;
				GCC_NO_COMMON_BLOCKS = YES;
				GCC_WARN_64_TO_32_BIT_CONVERSION = YES;
				GCC_WARN_ABOUT_RETURN_TYPE = YES_ERROR;
				GCC_WARN_UNDECLARED_SELECTOR = YES;
				GCC_WARN_UNINITIALIZED_AUTOS = YES_AGGRESSIVE;
				GCC_WARN_UNUSED_FUNCTION = YES;
				GCC_WARN_UNUSED_VARIABLE = YES;
				IPHONEOS_DEPLOYMENT_TARGET = 15.4;
				MTL_ENABLE_DEBUG_INFO = NO;
				MTL_FAST_MATH = YES;
				SDKROOT = iphoneos;
				SWIFT_COMPILATION_MODE = wholemodule;
				SWIFT_OPTIMIZATION_LEVEL = "-O";
				VALIDATE_PRODUCT = YES;
			};
			name = Release;
		};
		A009C6402819915600B47A93 /* Debug */ = {
			isa = XCBuildConfiguration;
			buildSettings = {
				ASSETCATALOG_COMPILER_APPICON_NAME = AppIcon;
				ASSETCATALOG_COMPILER_GLOBAL_ACCENT_COLOR_NAME = AccentColor;
				CODE_SIGN_STYLE = Automatic;
				CURRENT_PROJECT_VERSION = 1;
				DEVELOPMENT_ASSET_PATHS = "\"Hongki/Preview Content\"";
				DEVELOPMENT_TEAM = 8PCQ932FR3;
				ENABLE_PREVIEWS = YES;
				GENERATE_INFOPLIST_FILE = YES;
				INFOPLIST_FILE = Hongki/Info.plist;
				INFOPLIST_KEY_UIApplicationSceneManifest_Generation = YES;
				INFOPLIST_KEY_UIApplicationSupportsIndirectInputEvents = YES;
				INFOPLIST_KEY_UILaunchScreen_Generation = YES;
				INFOPLIST_KEY_UISupportedInterfaceOrientations_iPad = "UIInterfaceOrientationPortrait UIInterfaceOrientationPortraitUpsideDown UIInterfaceOrientationLandscapeLeft UIInterfaceOrientationLandscapeRight";
				INFOPLIST_KEY_UISupportedInterfaceOrientations_iPhone = "UIInterfaceOrientationPortrait UIInterfaceOrientationLandscapeLeft UIInterfaceOrientationLandscapeRight";
				LD_RUNPATH_SEARCH_PATHS = (
					"$(inherited)",
					"@executable_path/Frameworks",
				);
				MARKETING_VERSION = 1.0;
				PRODUCT_BUNDLE_IDENTIFIER = com.hongki.Hongki;
				PRODUCT_NAME = "$(TARGET_NAME)";
				SWIFT_EMIT_LOC_STRINGS = YES;
				SWIFT_VERSION = 5.0;
				TARGETED_DEVICE_FAMILY = "1,2";
			};
			name = Debug;
		};
		A009C6412819915600B47A93 /* Release */ = {
			isa = XCBuildConfiguration;
			buildSettings = {
				ASSETCATALOG_COMPILER_APPICON_NAME = AppIcon;
				ASSETCATALOG_COMPILER_GLOBAL_ACCENT_COLOR_NAME = AccentColor;
				CODE_SIGN_STYLE = Automatic;
				CURRENT_PROJECT_VERSION = 1;
				DEVELOPMENT_ASSET_PATHS = "\"Hongki/Preview Content\"";
				DEVELOPMENT_TEAM = 8PCQ932FR3;
				ENABLE_PREVIEWS = YES;
				GENERATE_INFOPLIST_FILE = YES;
				INFOPLIST_FILE = Hongki/Info.plist;
				INFOPLIST_KEY_UIApplicationSceneManifest_Generation = YES;
				INFOPLIST_KEY_UIApplicationSupportsIndirectInputEvents = YES;
				INFOPLIST_KEY_UILaunchScreen_Generation = YES;
				INFOPLIST_KEY_UISupportedInterfaceOrientations_iPad = "UIInterfaceOrientationPortrait UIInterfaceOrientationPortraitUpsideDown UIInterfaceOrientationLandscapeLeft UIInterfaceOrientationLandscapeRight";
				INFOPLIST_KEY_UISupportedInterfaceOrientations_iPhone = "UIInterfaceOrientationPortrait UIInterfaceOrientationLandscapeLeft UIInterfaceOrientationLandscapeRight";
				LD_RUNPATH_SEARCH_PATHS = (
					"$(inherited)",
					"@executable_path/Frameworks",
				);
				MARKETING_VERSION = 1.0;
				PRODUCT_BUNDLE_IDENTIFIER = com.hongki.Hongki;
				PRODUCT_NAME = "$(TARGET_NAME)";
				SWIFT_EMIT_LOC_STRINGS = YES;
				SWIFT_VERSION = 5.0;
				TARGETED_DEVICE_FAMILY = "1,2";
			};
			name = Release;
		};
/* End XCBuildConfiguration section */

/* Begin XCConfigurationList section */
		A009C62C2819915400B47A93 /* Build configuration list for PBXProject "Hongki" */ = {
			isa = XCConfigurationList;
			buildConfigurations = (
				A009C63D2819915600B47A93 /* Debug */,
				A009C63E2819915600B47A93 /* Release */,
			);
			defaultConfigurationIsVisible = 0;
			defaultConfigurationName = Release;
		};
		A009C63F2819915600B47A93 /* Build configuration list for PBXNativeTarget "Hongki" */ = {
			isa = XCConfigurationList;
			buildConfigurations = (
				A009C6402819915600B47A93 /* Debug */,
				A009C6412819915600B47A93 /* Release */,
			);
			defaultConfigurationIsVisible = 0;
			defaultConfigurationName = Release;
		};
/* End XCConfigurationList section */
	};
	rootObject = A009C6292819915400B47A93 /* Project object */;
}
